
Microsoft Visual Studio Solution File, Format Version 11.00
# Visual Studio 2010
# SharpDevelop 4.3
Project("{FAE04EC0-301F-11D3-BF4B-00C04F79EFBC}") = "practica1_Operaciones", "practica1_Operaciones\practica1_Operaciones.csproj", "{C172DB43-83ED-4B78-9831-A066CE00D2D2}"
EndProject
Global
	GlobalSection(SolutionConfigurationPlatforms) = preSolution
		Debug|Any CPU = Debug|Any CPU
		Release|Any CPU = Release|Any CPU
	EndGlobalSection
	GlobalSection(ProjectConfigurationPlatforms) = postSolution
		{C172DB43-83ED-4B78-9831-A066CE00D2D2}.Debug|Any CPU.Build.0 = Debug|Any CPU
		{C172DB43-83ED-4B78-9831-A066CE00D2D2}.Debug|Any CPU.ActiveCfg = Debug|Any CPU
		{C172DB43-83ED-4B78-9831-A066CE00D2D2}.Release|Any CPU.Build.0 = Release|Any CPU
		{C172DB43-83ED-4B78-9831-A066CE00D2D2}.Release|Any CPU.ActiveCfg = Release|Any CPU
	EndGlobalSection
EndGlobal
